
Microsoft Visual Studio Solution File, Format Version 12.00
# Visual Studio Version 17
VisualStudioVersion = 17.4.33122.133
MinimumVisualStudioVersion = 10.0.40219.1
Project("{FAE04EC0-301F-11D3-BF4B-00C04F79EFBC}") = "SampleChangeControlValueWpf", "SampleChangeControlValueWpf\SampleChangeControlValueWpf.csproj", "{98E9381D-FC1B-4953-86BE-A8DCC1018183}"
EndProject
Global
	GlobalSection(SolutionConfigurationPlatforms) = preSolution
		Debug|Any CPU = Debug|Any CPU
		Release|Any CPU = Release|Any CPU
	EndGlobalSection
	GlobalSection(ProjectConfigurationPlatforms) = postSolution
		{98E9381D-FC1B-4953-86BE-A8DCC1018183}.Debug|Any CPU.ActiveCfg = Debug|Any CPU
		{98E9381D-FC1B-4953-86BE-A8DCC1018183}.Debug|Any CPU.Build.0 = Debug|Any CPU
		{98E9381D-FC1B-4953-86BE-A8DCC1018183}.Release|Any CPU.ActiveCfg = Release|Any CPU
		{98E9381D-FC1B-4953-86BE-A8DCC1018183}.Release|Any CPU.Build.0 = Release|Any CPU
	EndGlobalSection
	GlobalSection(SolutionProperties) = preSolution
		HideSolutionNode = FALSE
	EndGlobalSection
	GlobalSection(ExtensibilityGlobals) = postSolution
		SolutionGuid = {ABDCACB3-234B-44BA-B74A-2A0E3675889A}
	EndGlobalSection
EndGlobal
