
Microsoft Visual Studio Solution File, Format Version 12.00
# Visual Studio Version 17
VisualStudioVersion = 17.4.33122.133
MinimumVisualStudioVersion = 10.0.40219.1
Project("{FAE04EC0-301F-11D3-BF4B-00C04F79EFBC}") = "SampleChangeXamlWpf", "SampleChangeXamlWpf\SampleChangeXamlWpf.csproj", "{C2834FE3-6EA0-4342-B271-90548C36F815}"
EndProject
Global
	GlobalSection(SolutionConfigurationPlatforms) = preSolution
		Debug|Any CPU = Debug|Any CPU
		Release|Any CPU = Release|Any CPU
	EndGlobalSection
	GlobalSection(ProjectConfigurationPlatforms) = postSolution
		{C2834FE3-6EA0-4342-B271-90548C36F815}.Debug|Any CPU.ActiveCfg = Debug|Any CPU
		{C2834FE3-6EA0-4342-B271-90548C36F815}.Debug|Any CPU.Build.0 = Debug|Any CPU
		{C2834FE3-6EA0-4342-B271-90548C36F815}.Release|Any CPU.ActiveCfg = Release|Any CPU
		{C2834FE3-6EA0-4342-B271-90548C36F815}.Release|Any CPU.Build.0 = Release|Any CPU
	EndGlobalSection
	GlobalSection(SolutionProperties) = preSolution
		HideSolutionNode = FALSE
	EndGlobalSection
	GlobalSection(ExtensibilityGlobals) = postSolution
		SolutionGuid = {FBBFDFAF-8EDA-4858-98E1-4CB68A298A2C}
	EndGlobalSection
EndGlobal
