
Microsoft Visual Studio Solution File, Format Version 12.00
# Visual Studio Version 17
VisualStudioVersion = 17.4.33122.133
MinimumVisualStudioVersion = 10.0.40219.1
Project("{FAE04EC0-301F-11D3-BF4B-00C04F79EFBC}") = "SampleCallCodeWpf", "SampleCallCodeWpf\SampleCallCodeWpf.csproj", "{2AC5275E-7636-46A6-954A-586D505400F3}"
EndProject
Global
	GlobalSection(SolutionConfigurationPlatforms) = preSolution
		Debug|Any CPU = Debug|Any CPU
		Release|Any CPU = Release|Any CPU
	EndGlobalSection
	GlobalSection(ProjectConfigurationPlatforms) = postSolution
		{2AC5275E-7636-46A6-954A-586D505400F3}.Debug|Any CPU.ActiveCfg = Debug|Any CPU
		{2AC5275E-7636-46A6-954A-586D505400F3}.Debug|Any CPU.Build.0 = Debug|Any CPU
		{2AC5275E-7636-46A6-954A-586D505400F3}.Release|Any CPU.ActiveCfg = Release|Any CPU
		{2AC5275E-7636-46A6-954A-586D505400F3}.Release|Any CPU.Build.0 = Release|Any CPU
	EndGlobalSection
	GlobalSection(SolutionProperties) = preSolution
		HideSolutionNode = FALSE
	EndGlobalSection
	GlobalSection(ExtensibilityGlobals) = postSolution
		SolutionGuid = {116828B7-92D5-4428-9389-0355E7DA1EB7}
	EndGlobalSection
EndGlobal
