
Microsoft Visual Studio Solution File, Format Version 12.00
# Visual Studio Version 17
VisualStudioVersion = 17.4.33110.190
MinimumVisualStudioVersion = 10.0.40219.1
Project("{FAE04EC0-301F-11D3-BF4B-00C04F79EFBC}") = "SampleImageWpf", "SampleImageWpf\SampleImageWpf.csproj", "{455D1E60-F59E-4059-8D18-F5A1FA424663}"
EndProject
Global
	GlobalSection(SolutionConfigurationPlatforms) = preSolution
		Debug|Any CPU = Debug|Any CPU
		Release|Any CPU = Release|Any CPU
	EndGlobalSection
	GlobalSection(ProjectConfigurationPlatforms) = postSolution
		{455D1E60-F59E-4059-8D18-F5A1FA424663}.Debug|Any CPU.ActiveCfg = Debug|Any CPU
		{455D1E60-F59E-4059-8D18-F5A1FA424663}.Debug|Any CPU.Build.0 = Debug|Any CPU
		{455D1E60-F59E-4059-8D18-F5A1FA424663}.Release|Any CPU.ActiveCfg = Release|Any CPU
		{455D1E60-F59E-4059-8D18-F5A1FA424663}.Release|Any CPU.Build.0 = Release|Any CPU
	EndGlobalSection
	GlobalSection(SolutionProperties) = preSolution
		HideSolutionNode = FALSE
	EndGlobalSection
	GlobalSection(ExtensibilityGlobals) = postSolution
		SolutionGuid = {5AEFFDCD-999C-4044-9656-4C6FDE39910B}
	EndGlobalSection
EndGlobal
