
Microsoft Visual Studio Solution File, Format Version 12.00
# Visual Studio Version 17
VisualStudioVersion = 17.4.33110.190
MinimumVisualStudioVersion = 10.0.40219.1
Project("{FAE04EC0-301F-11D3-BF4B-00C04F79EFBC}") = "SampleNavigationWpf", "SampleNavigationWpf\SampleNavigationWpf.csproj", "{7A887376-ED59-47B6-852D-B4D6CA902558}"
EndProject
Global
	GlobalSection(SolutionConfigurationPlatforms) = preSolution
		Debug|Any CPU = Debug|Any CPU
		Release|Any CPU = Release|Any CPU
	EndGlobalSection
	GlobalSection(ProjectConfigurationPlatforms) = postSolution
		{7A887376-ED59-47B6-852D-B4D6CA902558}.Debug|Any CPU.ActiveCfg = Debug|Any CPU
		{7A887376-ED59-47B6-852D-B4D6CA902558}.Debug|Any CPU.Build.0 = Debug|Any CPU
		{7A887376-ED59-47B6-852D-B4D6CA902558}.Release|Any CPU.ActiveCfg = Release|Any CPU
		{7A887376-ED59-47B6-852D-B4D6CA902558}.Release|Any CPU.Build.0 = Release|Any CPU
	EndGlobalSection
	GlobalSection(SolutionProperties) = preSolution
		HideSolutionNode = FALSE
	EndGlobalSection
	GlobalSection(ExtensibilityGlobals) = postSolution
		SolutionGuid = {7192EB8D-C713-4D3F-9775-C637C480F2AD}
	EndGlobalSection
EndGlobal
